
Microsoft Visual Studio Solution File, Format Version 12.00
# Visual Studio 14
VisualStudioVersion = 14.0.25123.0
MinimumVisualStudioVersion = 10.0.40219.1
Project("{FAE04EC0-301F-11D3-BF4B-00C04F79EFBC}") = "MVC5-Basic", "WebApplication1\MVC5-Basic.csproj", "{59F34373-C146-48AD-8A1F-129B3C8FBFDB}"
EndProject
Global
	GlobalSection(SolutionConfigurationPlatforms) = preSolution
		Debug|Any CPU = Debug|Any CPU
		Release|Any CPU = Release|Any CPU
	EndGlobalSection
	GlobalSection(ProjectConfigurationPlatforms) = postSolution
		{59F34373-C146-48AD-8A1F-129B3C8FBFDB}.Debug|Any CPU.ActiveCfg = Debug|Any CPU
		{59F34373-C146-48AD-8A1F-129B3C8FBFDB}.Debug|Any CPU.Build.0 = Debug|Any CPU
		{59F34373-C146-48AD-8A1F-129B3C8FBFDB}.Release|Any CPU.ActiveCfg = Release|Any CPU
		{59F34373-C146-48AD-8A1F-129B3C8FBFDB}.Release|Any CPU.Build.0 = Release|Any CPU
	EndGlobalSection
	GlobalSection(SolutionProperties) = preSolution
		HideSolutionNode = FALSE
	EndGlobalSection
EndGlobal
